
Microsoft Visual Studio Solution File, Format Version 12.00
# Visual Studio Version 16
VisualStudioVersion = 16.0.31424.327
MinimumVisualStudioVersion = 10.0.40219.1
Project("{9A19103F-16F7-4668-BE54-9A1E7A4F7556}") = "OnlineEventBookingSystem.IntegrationTest", "OnlineEventBookingSystem.IntegrationTest.csproj", "{7528EDBB-C8DF-461A-9BFC-B5C8BBAAE636}"
EndProject
Global
	GlobalSection(SolutionConfigurationPlatforms) = preSolution
		Debug|Any CPU = Debug|Any CPU
		Release|Any CPU = Release|Any CPU
	EndGlobalSection
	GlobalSection(ProjectConfigurationPlatforms) = postSolution
		{7528EDBB-C8DF-461A-9BFC-B5C8BBAAE636}.Debug|Any CPU.ActiveCfg = Debug|Any CPU
		{7528EDBB-C8DF-461A-9BFC-B5C8BBAAE636}.Debug|Any CPU.Build.0 = Debug|Any CPU
		{7528EDBB-C8DF-461A-9BFC-B5C8BBAAE636}.Release|Any CPU.ActiveCfg = Release|Any CPU
		{7528EDBB-C8DF-461A-9BFC-B5C8BBAAE636}.Release|Any CPU.Build.0 = Release|Any CPU
	EndGlobalSection
	GlobalSection(SolutionProperties) = preSolution
		HideSolutionNode = FALSE
	EndGlobalSection
	GlobalSection(ExtensibilityGlobals) = postSolution
		SolutionGuid = {0B3F8DDD-49A2-4DFC-B5B3-4431A5BA58EE}
	EndGlobalSection
EndGlobal
